
Microsoft Visual Studio Solution File, Format Version 12.00
# Visual Studio Version 16
VisualStudioVersion = 16.0.32602.291
MinimumVisualStudioVersion = 10.0.40219.1
Project("{FAE04EC0-301F-11D3-BF4B-00C04F79EFBC}") = "TesteMVC5", "TesteMVC5\TesteMVC5.csproj", "{A3432FF9-080A-451C-9077-0EC99A7F383A}"
EndProject
Global
	GlobalSection(SolutionConfigurationPlatforms) = preSolution
		Debug|Any CPU = Debug|Any CPU
		Release|Any CPU = Release|Any CPU
	EndGlobalSection
	GlobalSection(ProjectConfigurationPlatforms) = postSolution
		{A3432FF9-080A-451C-9077-0EC99A7F383A}.Debug|Any CPU.ActiveCfg = Debug|Any CPU
		{A3432FF9-080A-451C-9077-0EC99A7F383A}.Debug|Any CPU.Build.0 = Debug|Any CPU
		{A3432FF9-080A-451C-9077-0EC99A7F383A}.Release|Any CPU.ActiveCfg = Release|Any CPU
		{A3432FF9-080A-451C-9077-0EC99A7F383A}.Release|Any CPU.Build.0 = Release|Any CPU
	EndGlobalSection
	GlobalSection(SolutionProperties) = preSolution
		HideSolutionNode = FALSE
	EndGlobalSection
	GlobalSection(ExtensibilityGlobals) = postSolution
		SolutionGuid = {6435ACE9-88DD-4FFE-B5D6-4F0ADE898512}
	EndGlobalSection
EndGlobal
